# This file is generated by running "yarn install" inside your project.
# Manual changes might be lost - proceed with caution!

__metadata:
  version: 6
  cacheKey: 8

"@babel/runtime@npm:^7.12.13, @babel/runtime@npm:^7.20.13, @babel/runtime@npm:^7.9.2":
  version: 7.29.2
  resolution: "@babel/runtime@npm:7.29.2"
  checksum: d5548d1165de8995f8afc93a5694b8625409be16cd1f2250ac13e331335858ddac3cb9fd278e6c43956a130101a2203f09417938a1a96f9fb70f02b4b4172e1d
  languageName: node
  linkType: hard

"@esbuild/aix-ppc64@npm:0.25.12":
  version: 0.25.12
  resolution: "@esbuild/aix-ppc64@npm:0.25.12"
  conditions: os=aix & cpu=ppc64
  languageName: node
  linkType: hard

"@esbuild/android-arm64@npm:0.25.12":
  version: 0.25.12
  resolution: "@esbuild/android-arm64@npm:0.25.12"
  conditions: os=android & cpu=arm64
  languageName: node
  linkType: hard

"@esbuild/android-arm@npm:0.25.12":
  version: 0.25.12
  resolution: "@esbuild/android-arm@npm:0.25.12"
  conditions: os=android & cpu=arm
  languageName: node
  linkType: hard

"@esbuild/android-x64@npm:0.25.12":
  version: 0.25.12
  resolution: "@esbuild/android-x64@npm:0.25.12"
  conditions: os=android & cpu=x64
  languageName: node
  linkType: hard

"@esbuild/darwin-arm64@npm:0.25.12":
  version: 0.25.12
  resolution: "@esbuild/darwin-arm64@npm:0.25.12"
  conditions: os=darwin & cpu=arm64
  languageName: node
  linkType: hard

"@esbuild/darwin-x64@npm:0.25.12":
  version: 0.25.12
  resolution: "@esbuild/darwin-x64@npm:0.25.12"
  conditions: os=darwin & cpu=x64
  languageName: node
  linkType: hard

"@esbuild/freebsd-arm64@npm:0.25.12":
  version: 0.25.12
  resolution: "@esbuild/freebsd-arm64@npm:0.25.12"
  conditions: os=freebsd & cpu=arm64
  languageName: node
  linkType: hard

"@esbuild/freebsd-x64@npm:0.25.12":
  version: 0.25.12
  resolution: "@esbuild/freebsd-x64@npm:0.25.12"
  conditions: os=freebsd & cpu=x64
  languageName: node
  linkType: hard

"@esbuild/linux-arm64@npm:0.25.12":
  version: 0.25.12
  resolution: "@esbuild/linux-arm64@npm:0.25.12"
  conditions: os=linux & cpu=arm64
  languageName: node
  linkType: hard

"@esbuild/linux-arm@npm:0.25.12":
  version: 0.25.12
  resolution: "@esbuild/linux-arm@npm:0.25.12"
  conditions: os=linux & cpu=arm
  languageName: node
  linkType: hard

"@esbuild/linux-ia32@npm:0.25.12":
  version: 0.25.12
  resolution: "@esbuild/linux-ia32@npm:0.25.12"
  conditions: os=linux & cpu=ia32
  languageName: node
  linkType: hard

"@esbuild/linux-loong64@npm:0.25.12":
  version: 0.25.12
  resolution: "@esbuild/linux-loong64@npm:0.25.12"
  conditions: os=linux & cpu=loong64
  languageName: node
  linkType: hard

"@esbuild/linux-mips64el@npm:0.25.12":
  version: 0.25.12
  resolution: "@esbuild/linux-mips64el@npm:0.25.12"
  conditions: os=linux & cpu=mips64el
  languageName: node
  linkType: hard

"@esbuild/linux-ppc64@npm:0.25.12":
  version: 0.25.12
  resolution: "@esbuild/linux-ppc64@npm:0.25.12"
  conditions: os=linux & cpu=ppc64
  languageName: node
  linkType: hard

"@esbuild/linux-riscv64@npm:0.25.12":
  version: 0.25.12
  resolution: "@esbuild/linux-riscv64@npm:0.25.12"
  conditions: os=linux & cpu=riscv64
  languageName: node
  linkType: hard

"@esbuild/linux-s390x@npm:0.25.12":
  version: 0.25.12
  resolution: "@esbuild/linux-s390x@npm:0.25.12"
  conditions: os=linux & cpu=s390x
  languageName: node
  linkType: hard

"@esbuild/linux-x64@npm:0.25.12":
  version: 0.25.12
  resolution: "@esbuild/linux-x64@npm:0.25.12"
  conditions: os=linux & cpu=x64
  languageName: node
  linkType: hard

"@esbuild/netbsd-arm64@npm:0.25.12":
  version: 0.25.12
  resolution: "@esbuild/netbsd-arm64@npm:0.25.12"
  conditions: os=netbsd & cpu=arm64
  languageName: node
  linkType: hard

"@esbuild/netbsd-x64@npm:0.25.12":
  version: 0.25.12
  resolution: "@esbuild/netbsd-x64@npm:0.25.12"
  conditions: os=netbsd & cpu=x64
  languageName: node
  linkType: hard

"@esbuild/openbsd-arm64@npm:0.25.12":
  version: 0.25.12
  resolution: "@esbuild/openbsd-arm64@npm:0.25.12"
  conditions: os=openbsd & cpu=arm64
  languageName: node
  linkType: hard

"@esbuild/openbsd-x64@npm:0.25.12":
  version: 0.25.12
  resolution: "@esbuild/openbsd-x64@npm:0.25.12"
  conditions: os=openbsd & cpu=x64
  languageName: node
  linkType: hard

"@esbuild/openharmony-arm64@npm:0.25.12":
  version: 0.25.12
  resolution: "@esbuild/openharmony-arm64@npm:0.25.12"
  conditions: os=openharmony & cpu=arm64
  languageName: node
  linkType: hard

"@esbuild/sunos-x64@npm:0.25.12":
  version: 0.25.12
  resolution: "@esbuild/sunos-x64@npm:0.25.12"
  conditions: os=sunos & cpu=x64
  languageName: node
  linkType: hard

"@esbuild/win32-arm64@npm:0.25.12":
  version: 0.25.12
  resolution: "@esbuild/win32-arm64@npm:0.25.12"
  conditions: os=win32 & cpu=arm64
  languageName: node
  linkType: hard

"@esbuild/win32-ia32@npm:0.25.12":
  version: 0.25.12
  resolution: "@esbuild/win32-ia32@npm:0.25.12"
  conditions: os=win32 & cpu=ia32
  languageName: node
  linkType: hard

"@esbuild/win32-x64@npm:0.25.12":
  version: 0.25.12
  resolution: "@esbuild/win32-x64@npm:0.25.12"
  conditions: os=win32 & cpu=x64
  languageName: node
  linkType: hard

"@fortawesome/fontawesome-common-types@npm:6.7.2":
  version: 6.7.2
  resolution: "@fortawesome/fontawesome-common-types@npm:6.7.2"
  checksum: 9c17f03032e56b8e8e996e5b2c15c8b47baf6f8d5c0703025b0b2711907245f94a7032b3da52d2714b5aeff1c14d3535e6869a82086136dcacae9ccd479dc6a2
  languageName: node
  linkType: hard

"@fortawesome/fontawesome-svg-core@npm:^6.5.2":
  version: 6.7.2
  resolution: "@fortawesome/fontawesome-svg-core@npm:6.7.2"
  dependencies:
    "@fortawesome/fontawesome-common-types": 6.7.2
  checksum: b3c269545d99202111d8334955466a7f050c38cf80c6be5fdd36baae36822421e0806986db8d1670834fab6595ce527e06ea58248e053703722d03f19eccbb82
  languageName: node
  linkType: hard

"@fortawesome/react-fontawesome@npm:^0.2.2":
  version: 0.2.6
  resolution: "@fortawesome/react-fontawesome@npm:0.2.6"
  dependencies:
    prop-types: ^15.8.1
  peerDependencies:
    "@fortawesome/fontawesome-svg-core": ~1 || ~6 || ~7
    react: ^16.3 || ^17.0.0 || ^18.0.0 || ^19.0.0
  checksum: 6212b557ab12a9af213e57e0370643b62f4c9c5282132c3947305965c817163377dfb51b0185952ea3f6dbe038dbb0733bb5023cb1ddba39d16824e547a145ac
  languageName: node
  linkType: hard

"@neos-project/neos-ui-extensibility@npm:^9.1":
  version: 9.1.5
  resolution: "@neos-project/neos-ui-extensibility@npm:9.1.5"
  checksum: 7ba74e09ec51d28b50a759312329d2a670109a4fb52cb7396b748a8cef8244837dca27c395e25e49d1bb1cd4ba6b3379ce20da7637e3acf2a2f63586ad6ccb6c
  languageName: node
  linkType: hard

"@neos-project/react-ui-components@npm:^9.1":
  version: 9.1.5
  resolution: "@neos-project/react-ui-components@npm:9.1.5"
  dependencies:
    "@fortawesome/fontawesome-svg-core": ^6.5.2
    "@fortawesome/react-fontawesome": ^0.2.2
    classnames: ^2.2.3
    hoist-non-react-statics: ^3.3.1
    lodash.assign: ^4.2.0
    lodash.debounce: ^4.0.8
    lodash.escaperegexp: ^4.1.2
    lodash.isequal: ^4.5.0
    lodash.isfunction: ^3.0.8
    lodash.omit: ^4.5.0
    lodash.throttle: ^4.0.8
    moment: ^2.30.1
    raf: ^3.4.1
    react-collapse: ^5.0.1
    react-datetime: ^2.8.10
    react-dnd: ^10.0.0
    react-dnd-html5-backend: ^10.0.0
    react-height: ^3.0.0
    react-keydown: ^1.9.4
    react-motion: ^0.5.0
    react-svg: ^11.1.2
    react-textarea-autosize: ^8.3.0
  peerDependencies:
    "@fortawesome/free-brands-svg-icons": ^6.5.2
    "@fortawesome/free-regular-svg-icons": ^6.5.2
    "@fortawesome/free-solid-svg-icons": ^6.5.2
    "@friendsofreactjs/react-css-themr": ~4.2.0
    notosans-fontface: ^1.3.0
    prop-types: ^15.5.10
    react: ^16.12.0
    react-dom: ^16.0.0
  checksum: b6f3b2059ee02cb285550650c5cb90cf5e37e74712ff81bc445f27827919a6067213263d492c936639290750206059a9596a0965f3df2caea5d1aac9f5543130
  languageName: node
  linkType: hard

"@react-dnd/asap@npm:^4.0.0":
  version: 4.0.1
  resolution: "@react-dnd/asap@npm:4.0.1"
  checksum: 757db3b5c436a95383b74f187f503321092909401ce9665d9cc1999308a44de22809bf8dbe82c9126bd73b72dd6665bbc4a788e864fc3c243c59f65057a4f87f
  languageName: node
  linkType: hard

"@react-dnd/invariant@npm:^2.0.0":
  version: 2.0.0
  resolution: "@react-dnd/invariant@npm:2.0.0"
  checksum: ef1e989920d70b15c80dccb01af9b598081d76993311aa22d2e9a3ec41d10a88540eeec4b4de7a8b2a2ea52dfc3495ab45e39192c2d27795a9258bd6b79d000e
  languageName: node
  linkType: hard

"@react-dnd/shallowequal@npm:^2.0.0":
  version: 2.0.0
  resolution: "@react-dnd/shallowequal@npm:2.0.0"
  checksum: b5bbdc795d65945bb7ba2322bed5cf8d4c6fe91dced98c3b10e3d16822c438f558751135ff296f8d1aa1eaa9d0037dacab2b522ca5eb812175123b9996966dcb
  languageName: node
  linkType: hard

"@sitegeist/papertiger-cpx-option-editor@workspace:*, @sitegeist/papertiger-cpx-option-editor@workspace:Neos.Ui/option-editor":
  version: 0.0.0-use.local
  resolution: "@sitegeist/papertiger-cpx-option-editor@workspace:Neos.Ui/option-editor"
  dependencies:
    "@neos-project/react-ui-components": ^9.1
    react: ^17.0.2
    react-dom: ^17.0.2
  languageName: unknown
  linkType: soft

"@sitegeist/papertiger-cpx-plugin@workspace:Neos.Ui/plugin":
  version: 0.0.0-use.local
  resolution: "@sitegeist/papertiger-cpx-plugin@workspace:Neos.Ui/plugin"
  dependencies:
    "@neos-project/neos-ui-extensibility": ^9.1
    "@sitegeist/papertiger-cpx-option-editor": "workspace:*"
    esbuild: ~0.25.0
  languageName: unknown
  linkType: soft

"@sitegeist/papertiger-cpx@workspace:.":
  version: 0.0.0-use.local
  resolution: "@sitegeist/papertiger-cpx@workspace:."
  dependencies:
    "@types/react": ^17.0.3
    "@types/react-dom": ^17.0.3
    "@types/styled-components": ^5.1.9
    esbuild: ~0.25.0
    typescript: ^4.2.4
  languageName: unknown
  linkType: soft

"@tanem/svg-injector@npm:^8.2.4":
  version: 8.2.5
  resolution: "@tanem/svg-injector@npm:8.2.5"
  dependencies:
    "@babel/runtime": ^7.12.13
    content-type: ^1.0.4
    tslib: ^2.1.0
  checksum: 03387c5b2ca94141ca58f81319ec89301b76889b6b6491cb5771060d26fa2b4f15ef0d117c2d57b82b31a3e781a81fae62382b300a72055dde862da17e33199f
  languageName: node
  linkType: hard

"@types/hoist-non-react-statics@npm:*, @types/hoist-non-react-statics@npm:^3.3.1":
  version: 3.3.7
  resolution: "@types/hoist-non-react-statics@npm:3.3.7"
  dependencies:
    hoist-non-react-statics: ^3.3.0
  peerDependencies:
    "@types/react": "*"
  checksum: 13f610572c073970b3f43cc446396974fed786fee6eac2d6fd4b0ca5c985f13e79d4a0de58af4e5b4c68470d808567c3a14108d98edb7d526d4d46c8ec851ed1
  languageName: node
  linkType: hard

"@types/prop-types@npm:*":
  version: 15.7.15
  resolution: "@types/prop-types@npm:15.7.15"
  checksum: 31aa2f59b28f24da6fb4f1d70807dae2aedfce090ec63eaf9ea01727a9533ef6eaf017de5bff99fbccad7d1c9e644f52c6c2ba30869465dd22b1a7221c29f356
  languageName: node
  linkType: hard

"@types/react-dom@npm:^17.0.3":
  version: 17.0.26
  resolution: "@types/react-dom@npm:17.0.26"
  peerDependencies:
    "@types/react": ^17.0.0
  checksum: 2b62bf86c22b5e84a99d356bf50f5ea681aa70d11d0669c3ab6d5855751677ffb7e7b8d2cec01fff4d3923d0da3221821f7f55ddaa1cf42bc7a06545fe7cf2f1
  languageName: node
  linkType: hard

"@types/react@npm:*":
  version: 19.2.14
  resolution: "@types/react@npm:19.2.14"
  dependencies:
    csstype: ^3.2.2
  checksum: ddd330292abf2dc2cfa65188e1c5f67cc6e90f8d8ffb088f753a38db9d123f942c23d324a6b7e8027ff04f22b395492150f54b9b520b6cbec1e8841e669f2c19
  languageName: node
  linkType: hard

"@types/react@npm:^17.0.3":
  version: 17.0.91
  resolution: "@types/react@npm:17.0.91"
  dependencies:
    "@types/prop-types": "*"
    "@types/scheduler": ^0.16
    csstype: ^3.2.2
  checksum: 2cc4cb20ef25cd09e65ac01d6b64b51c4a8f52cc55e77a1893eaedfaac5b2d0ef241e2a34cfe19b5462b5647d355b74f5df1ea113c75ed3db6ecde6b8376a37b
  languageName: node
  linkType: hard

"@types/scheduler@npm:^0.16":
  version: 0.16.8
  resolution: "@types/scheduler@npm:0.16.8"
  checksum: 6c091b096daa490093bf30dd7947cd28e5b2cd612ec93448432b33f724b162587fed9309a0acc104d97b69b1d49a0f3fc755a62282054d62975d53d7fd13472d
  languageName: node
  linkType: hard

"@types/styled-components@npm:^5.1.9":
  version: 5.1.36
  resolution: "@types/styled-components@npm:5.1.36"
  dependencies:
    "@types/hoist-non-react-statics": "*"
    "@types/react": "*"
    csstype: ^3.2.2
  checksum: 5938ba298bc831d8ef30bec10fb3d30b9da9efc01f7cdaeb198f819ca4c579ac656e831d6d8f5b6c2572401fce18962078de16c49c94f1a6304d859e63352abb
  languageName: node
  linkType: hard

"classnames@npm:^2.2.3":
  version: 2.5.1
  resolution: "classnames@npm:2.5.1"
  checksum: da424a8a6f3a96a2e87d01a432ba19315503294ac7e025f9fece656db6b6a0f7b5003bb1fbb51cbb0d9624d964f1b9bb35a51c73af9b2434c7b292c42231c1e5
  languageName: node
  linkType: hard

"content-type@npm:^1.0.4":
  version: 1.0.5
  resolution: "content-type@npm:1.0.5"
  checksum: 566271e0a251642254cde0f845f9dd4f9856e52d988f4eb0d0dcffbb7a1f8ec98de7a5215fc628f3bce30fe2fb6fd2bc064b562d721658c59b544e2d34ea2766
  languageName: node
  linkType: hard

"core-js@npm:^3.1.2":
  version: 3.49.0
  resolution: "core-js@npm:3.49.0"
  checksum: 0e2c7ce0d6639ac6b0c040c6e82d415e84f94a542fb6523388d204a1c5c2e503870aa64de180115d56a7bc7c780e43b5eab4b925a6f821a9d27f4b92d191713d
  languageName: node
  linkType: hard

"create-react-class@npm:^15.5.2":
  version: 15.7.0
  resolution: "create-react-class@npm:15.7.0"
  dependencies:
    loose-envify: ^1.3.1
    object-assign: ^4.1.1
  checksum: 0c5f43da705fa9f67ec289051dd5780792652d440dfa17cd2c7d8423c1f604609596f895dabf46fda1960ddd93ee96fe1b61ef4d55a94fc4271b07d515486714
  languageName: node
  linkType: hard

"csstype@npm:^3.2.2":
  version: 3.2.3
  resolution: "csstype@npm:3.2.3"
  checksum: cb882521b3398958a1ce6ca98c011aec0bde1c77ecaf8a1dd4db3b112a189939beae3b1308243b2fe50fc27eb3edeb0f73a5a4d91d928765dc6d5ecc7bda92ee
  languageName: node
  linkType: hard

"dnd-core@npm:^10.0.2":
  version: 10.0.2
  resolution: "dnd-core@npm:10.0.2"
  dependencies:
    "@react-dnd/asap": ^4.0.0
    "@react-dnd/invariant": ^2.0.0
    redux: ^4.0.4
  checksum: 58771aef103219eccc3a4f1695b6993edad0a922bd50cb66faaf706da69c5fd9dbc59fa786d2581b9adfad09ff1b63994ff6619f54f7ee8ee855e2ad01ae5be6
  languageName: node
  linkType: hard

"esbuild@npm:~0.25.0":
  version: 0.25.12
  resolution: "esbuild@npm:0.25.12"
  dependencies:
    "@esbuild/aix-ppc64": 0.25.12
    "@esbuild/android-arm": 0.25.12
    "@esbuild/android-arm64": 0.25.12
    "@esbuild/android-x64": 0.25.12
    "@esbuild/darwin-arm64": 0.25.12
    "@esbuild/darwin-x64": 0.25.12
    "@esbuild/freebsd-arm64": 0.25.12
    "@esbuild/freebsd-x64": 0.25.12
    "@esbuild/linux-arm": 0.25.12
    "@esbuild/linux-arm64": 0.25.12
    "@esbuild/linux-ia32": 0.25.12
    "@esbuild/linux-loong64": 0.25.12
    "@esbuild/linux-mips64el": 0.25.12
    "@esbuild/linux-ppc64": 0.25.12
    "@esbuild/linux-riscv64": 0.25.12
    "@esbuild/linux-s390x": 0.25.12
    "@esbuild/linux-x64": 0.25.12
    "@esbuild/netbsd-arm64": 0.25.12
    "@esbuild/netbsd-x64": 0.25.12
    "@esbuild/openbsd-arm64": 0.25.12
    "@esbuild/openbsd-x64": 0.25.12
    "@esbuild/openharmony-arm64": 0.25.12
    "@esbuild/sunos-x64": 0.25.12
    "@esbuild/win32-arm64": 0.25.12
    "@esbuild/win32-ia32": 0.25.12
    "@esbuild/win32-x64": 0.25.12
  dependenciesMeta:
    "@esbuild/aix-ppc64":
      optional: true
    "@esbuild/android-arm":
      optional: true
    "@esbuild/android-arm64":
      optional: true
    "@esbuild/android-x64":
      optional: true
    "@esbuild/darwin-arm64":
      optional: true
    "@esbuild/darwin-x64":
      optional: true
    "@esbuild/freebsd-arm64":
      optional: true
    "@esbuild/freebsd-x64":
      optional: true
    "@esbuild/linux-arm":
      optional: true
    "@esbuild/linux-arm64":
      optional: true
    "@esbuild/linux-ia32":
      optional: true
    "@esbuild/linux-loong64":
      optional: true
    "@esbuild/linux-mips64el":
      optional: true
    "@esbuild/linux-ppc64":
      optional: true
    "@esbuild/linux-riscv64":
      optional: true
    "@esbuild/linux-s390x":
      optional: true
    "@esbuild/linux-x64":
      optional: true
    "@esbuild/netbsd-arm64":
      optional: true
    "@esbuild/netbsd-x64":
      optional: true
    "@esbuild/openbsd-arm64":
      optional: true
    "@esbuild/openbsd-x64":
      optional: true
    "@esbuild/openharmony-arm64":
      optional: true
    "@esbuild/sunos-x64":
      optional: true
    "@esbuild/win32-arm64":
      optional: true
    "@esbuild/win32-ia32":
      optional: true
    "@esbuild/win32-x64":
      optional: true
  bin:
    esbuild: bin/esbuild
  checksum: 3d1dc181338e2c44f4374508e9d0da3e7ae90f65d7f3f5d8076ff401a1726c5c9ecc86cfc825249349f1652e12d5ae13f02bcaa4d9487c88c7a11167f52ba353
  languageName: node
  linkType: hard

"hoist-non-react-statics@npm:^3.3.0, hoist-non-react-statics@npm:^3.3.1":
  version: 3.3.2
  resolution: "hoist-non-react-statics@npm:3.3.2"
  dependencies:
    react-is: ^16.7.0
  checksum: b1538270429b13901ee586aa44f4cc3ecd8831c061d06cb8322e50ea17b3f5ce4d0e2e66394761e6c8e152cd8c34fb3b4b690116c6ce2bd45b18c746516cb9e8
  languageName: node
  linkType: hard

"js-tokens@npm:^3.0.0 || ^4.0.0":
  version: 4.0.0
  resolution: "js-tokens@npm:4.0.0"
  checksum: 8a95213a5a77deb6cbe94d86340e8d9ace2b93bc367790b260101d2f36a2eaf4e4e22d9fa9cf459b38af3a32fb4190e638024cf82ec95ef708680e405ea7cc78
  languageName: node
  linkType: hard

"lodash.assign@npm:^4.2.0":
  version: 4.2.0
  resolution: "lodash.assign@npm:4.2.0"
  checksum: 75bbc6733c9f577c448031b4051f990f068802708891f94be9d4c2faffd6a9ec67a2c49671dafc908a068d35687765464853282842b4560b662e6c903d11cc90
  languageName: node
  linkType: hard

"lodash.debounce@npm:^4.0.8":
  version: 4.0.8
  resolution: "lodash.debounce@npm:4.0.8"
  checksum: a3f527d22c548f43ae31c861ada88b2637eb48ac6aa3eb56e82d44917971b8aa96fbb37aa60efea674dc4ee8c42074f90f7b1f772e9db375435f6c83a19b3bc6
  languageName: node
  linkType: hard

"lodash.escaperegexp@npm:^4.1.2":
  version: 4.1.2
  resolution: "lodash.escaperegexp@npm:4.1.2"
  checksum: 6d99452b1cfd6073175a9b741a9b09ece159eac463f86f02ea3bee2e2092923fce812c8d2bf446309cc52d1d61bf9af51c8118b0d7421388e6cead7bd3798f0f
  languageName: node
  linkType: hard

"lodash.isequal@npm:^4.5.0":
  version: 4.5.0
  resolution: "lodash.isequal@npm:4.5.0"
  checksum: da27515dc5230eb1140ba65ff8de3613649620e8656b19a6270afe4866b7bd461d9ba2ac8a48dcc57f7adac4ee80e1de9f965d89d4d81a0ad52bb3eec2609644
  languageName: node
  linkType: hard

"lodash.isfunction@npm:^3.0.8":
  version: 3.0.9
  resolution: "lodash.isfunction@npm:3.0.9"
  checksum: 99e54c34b1e8a9ba75c034deb39cedbd2aca7af685815e67a2a8ec4f73ec9748cda6ebee5a07d7de4b938e90d421fd280e9c385cc190f903ac217ac8aff30314
  languageName: node
  linkType: hard

"lodash.omit@npm:^4.5.0":
  version: 4.5.0
  resolution: "lodash.omit@npm:4.5.0"
  checksum: 434645e49fe84ab315719bd5a9a3a585a0f624aa4160bc09157dd041a414bcc287c15840365c1379476a3f3eda41fbe838976c3f7bdecbbf4c5478e86c471a30
  languageName: node
  linkType: hard

"lodash.throttle@npm:^4.0.8":
  version: 4.1.1
  resolution: "lodash.throttle@npm:4.1.1"
  checksum: 129c0a28cee48b348aef146f638ef8a8b197944d4e9ec26c1890c19d9bf5a5690fe11b655c77a4551268819b32d27f4206343e30c78961f60b561b8608c8c805
  languageName: node
  linkType: hard

"loose-envify@npm:^1.1.0, loose-envify@npm:^1.3.1, loose-envify@npm:^1.4.0":
  version: 1.4.0
  resolution: "loose-envify@npm:1.4.0"
  dependencies:
    js-tokens: ^3.0.0 || ^4.0.0
  bin:
    loose-envify: cli.js
  checksum: 6517e24e0cad87ec9888f500c5b5947032cdfe6ef65e1c1936a0c48a524b81e65542c9c3edc91c97d5bddc806ee2a985dbc79be89215d613b1de5db6d1cfe6f4
  languageName: node
  linkType: hard

"moment@npm:^2.30.1":
  version: 2.30.1
  resolution: "moment@npm:2.30.1"
  checksum: 859236bab1e88c3e5802afcf797fc801acdbd0ee509d34ea3df6eea21eb6bcc2abd4ae4e4e64aa7c986aa6cba563c6e62806218e6412a765010712e5fa121ba6
  languageName: node
  linkType: hard

"object-assign@npm:^3.0.0":
  version: 3.0.0
  resolution: "object-assign@npm:3.0.0"
  checksum: 56c66a77318aea95b11bd16a65c313e98786cea1db673a7fdd3bc92aced671b35f62a9819ad9cf7846921c773818329636cda5cd1b7c4fa0ce9908440e091dac
  languageName: node
  linkType: hard

"object-assign@npm:^4.1.1":
  version: 4.1.1
  resolution: "object-assign@npm:4.1.1"
  checksum: fcc6e4ea8c7fe48abfbb552578b1c53e0d194086e2e6bbbf59e0a536381a292f39943c6e9628af05b5528aa5e3318bb30d6b2e53cadaf5b8fe9e12c4b69af23f
  languageName: node
  linkType: hard

"performance-now@npm:^0.2.0":
  version: 0.2.0
  resolution: "performance-now@npm:0.2.0"
  checksum: 2020aecc3980c280bf0a0382d476cf4e725a10433e853f853c57bc3ed084ab8aa880fac87e92d1b44d30138b8da2d2b77aad321ef3d7ce50b34500a4f4f84d0f
  languageName: node
  linkType: hard

"performance-now@npm:^2.1.0":
  version: 2.1.0
  resolution: "performance-now@npm:2.1.0"
  checksum: 534e641aa8f7cba160f0afec0599b6cecefbb516a2e837b512be0adbe6c1da5550e89c78059c7fabc5c9ffdf6627edabe23eb7c518c4500067a898fa65c2b550
  languageName: node
  linkType: hard

"prop-types@npm:^15.5.7, prop-types@npm:^15.5.8, prop-types@npm:^15.7.2, prop-types@npm:^15.8.1":
  version: 15.8.1
  resolution: "prop-types@npm:15.8.1"
  dependencies:
    loose-envify: ^1.4.0
    object-assign: ^4.1.1
    react-is: ^16.13.1
  checksum: c056d3f1c057cb7ff8344c645450e14f088a915d078dcda795041765047fa080d38e5d626560ccaac94a4e16e3aa15f3557c1a9a8d1174530955e992c675e459
  languageName: node
  linkType: hard

"raf@npm:^3.1.0, raf@npm:^3.4.1":
  version: 3.4.1
  resolution: "raf@npm:3.4.1"
  dependencies:
    performance-now: ^2.1.0
  checksum: 50ba284e481c8185dbcf45fc4618ba3aec580bb50c9121385d5698cb6012fe516d2015b1df6dd407a7b7c58d44be8086108236affbce1861edd6b44637c8cd52
  languageName: node
  linkType: hard

"react-collapse@npm:^5.0.1":
  version: 5.1.1
  resolution: "react-collapse@npm:5.1.1"
  peerDependencies:
    react: ">=16.3.0"
  checksum: 3c215cf38782bfce2b2a9fccac22d77ce945ceb5b4866bfb9abf33eecb9d1e40555c4d076ae6648d7f1765164e083e1f74a458aeb7f8e74c23ce1bf7bf20d996
  languageName: node
  linkType: hard

"react-datetime@npm:^2.8.10":
  version: 2.16.3
  resolution: "react-datetime@npm:2.16.3"
  dependencies:
    create-react-class: ^15.5.2
    object-assign: ^3.0.0
    prop-types: ^15.5.7
    react-onclickoutside: ^6.5.0
  peerDependencies:
    moment: ">=2.16.0"
    react: ">=0.13"
    react-dom: ">=0.13"
  checksum: 802616a8dedd1eb7e39f0a0afb837a15df5529233f39905d9bebef0cb12ceefbb683f17d52de81c8a379ae01d814b2ba05b6eec35e23a7d860b797cac5eb8d94
  languageName: node
  linkType: hard

"react-dnd-html5-backend@npm:^10.0.0":
  version: 10.0.2
  resolution: "react-dnd-html5-backend@npm:10.0.2"
  dependencies:
    dnd-core: ^10.0.2
  checksum: a3f5d41e71216c52460f9c0f719d08458ff8744ac95c6374d355bb59fbca8263ddadab275b7100336d2085214a0c5bbc03d307ec2161eebb94052922534b51ba
  languageName: node
  linkType: hard

"react-dnd@npm:^10.0.0":
  version: 10.0.2
  resolution: "react-dnd@npm:10.0.2"
  dependencies:
    "@react-dnd/shallowequal": ^2.0.0
    "@types/hoist-non-react-statics": ^3.3.1
    dnd-core: ^10.0.2
    hoist-non-react-statics: ^3.3.0
  peerDependencies:
    react: ">= 16.8"
    react-dom: ">= 16.8"
  checksum: 4ce085a4b09bed8453b50403669495332cd273a892ec8ae0037ad37102afdaf04fbade55b6b1db88f0b21149b7fe7cafceeba697bb0c9aa73244baa8464c963b
  languageName: node
  linkType: hard

"react-dom@npm:^17.0.2":
  version: 17.0.2
  resolution: "react-dom@npm:17.0.2"
  dependencies:
    loose-envify: ^1.1.0
    object-assign: ^4.1.1
    scheduler: ^0.20.2
  peerDependencies:
    react: 17.0.2
  checksum: 1c1eaa3bca7c7228d24b70932e3d7c99e70d1d04e13bb0843bbf321582bc25d7961d6b8a6978a58a598af2af496d1cedcfb1bf65f6b0960a0a8161cb8dab743c
  languageName: node
  linkType: hard

"react-height@npm:^3.0.0":
  version: 3.0.2
  resolution: "react-height@npm:3.0.2"
  dependencies:
    prop-types: ^15.5.8
  peerDependencies:
    react: ">=15.3"
  checksum: 7d81d9413f2ed5e9f1dac42f66e1bb7e54582c1af8fdbc1d73fd2a0c9ae96a3f5104162d96385b3b96ecb2746a3c75b15a39f5a1843e12543613b372fd2a582a
  languageName: node
  linkType: hard

"react-is@npm:^16.13.1, react-is@npm:^16.7.0":
  version: 16.13.1
  resolution: "react-is@npm:16.13.1"
  checksum: f7a19ac3496de32ca9ae12aa030f00f14a3d45374f1ceca0af707c831b2a6098ef0d6bdae51bd437b0a306d7f01d4677fcc8de7c0d331eb47ad0f46130e53c5f
  languageName: node
  linkType: hard

"react-keydown@npm:^1.9.4":
  version: 1.9.12
  resolution: "react-keydown@npm:1.9.12"
  dependencies:
    core-js: ^3.1.2
  peerDependencies:
    react: ">= 0.14.0"
    react-dom: ">= 0.14.0"
  checksum: 28857d499ddbe6b0b0b2c4518bb1443ac7ad33199d13c5844b5a11e75d01668b35124a68671ab018dfefcad0f161147c90d974d090320116b4f85f98ab377307
  languageName: node
  linkType: hard

"react-motion@npm:^0.5.0":
  version: 0.5.2
  resolution: "react-motion@npm:0.5.2"
  dependencies:
    performance-now: ^0.2.0
    prop-types: ^15.5.8
    raf: ^3.1.0
  peerDependencies:
    react: ^0.14.9 || ^15.3.0 || ^16.0.0
  checksum: b1b2ab15d0e7492be827576fa7238c11679b52495a640b1234400771fdeac9ded8909532135b4a84be28e21e63dc97d54758d08ba280f90409b54104730b29c0
  languageName: node
  linkType: hard

"react-onclickoutside@npm:^6.5.0":
  version: 6.13.2
  resolution: "react-onclickoutside@npm:6.13.2"
  peerDependencies:
    react: ^15.5.x || ^16.x || ^17.x || ^18.x
    react-dom: ^15.5.x || ^16.x || ^17.x || ^18.x
  checksum: ca28eac0f26b5c55e880574bab3baa54af3350d92ffee27a5c9487fe4fdfad66ef19e1192c6456bde0b7fc30ed12c04415e0e4d2764eaa2dd0c35a4bff41a52d
  languageName: node
  linkType: hard

"react-svg@npm:^11.1.2":
  version: 11.2.5
  resolution: "react-svg@npm:11.2.5"
  dependencies:
    "@babel/runtime": ^7.12.13
    "@tanem/svg-injector": ^8.2.4
    prop-types: ^15.7.2
  peerDependencies:
    react: ^15.5.4 || ^16.0.0 || ^17.0.0
    react-dom: ^15.5.4 || ^16.0.0 || ^17.0.0
  checksum: bff8447519bc27a761d52f47f194361fda12fae384ea8eec02cc66cdf5fe76d0c1c39f68480a1c3fd407d1632d7eac71a428e62142d70ed8c5764d3161e3c657
  languageName: node
  linkType: hard

"react-textarea-autosize@npm:^8.3.0":
  version: 8.5.9
  resolution: "react-textarea-autosize@npm:8.5.9"
  dependencies:
    "@babel/runtime": ^7.20.13
    use-composed-ref: ^1.3.0
    use-latest: ^1.2.1
  peerDependencies:
    react: ^16.8.0 || ^17.0.0 || ^18.0.0 || ^19.0.0
  checksum: d87a563251f74c8fe779a4a28a25ac4487ec16fe13b54d39e0341578e119a1c781d99e059ed8cba4965e0c3ae94e73614430cc9b5d50c538ad1573897239cb14
  languageName: node
  linkType: hard

"react@npm:^17.0.2":
  version: 17.0.2
  resolution: "react@npm:17.0.2"
  dependencies:
    loose-envify: ^1.1.0
    object-assign: ^4.1.1
  checksum: b254cc17ce3011788330f7bbf383ab653c6848902d7936a87b09d835d091e3f295f7e9dd1597c6daac5dc80f90e778c8230218ba8ad599f74adcc11e33b9d61b
  languageName: node
  linkType: hard

"redux@npm:^4.0.4":
  version: 4.2.1
  resolution: "redux@npm:4.2.1"
  dependencies:
    "@babel/runtime": ^7.9.2
  checksum: f63b9060c3a1d930ae775252bb6e579b42415aee7a23c4114e21a0b4ba7ec12f0ec76936c00f546893f06e139819f0e2855e0d55ebfce34ca9c026241a6950dd
  languageName: node
  linkType: hard

"scheduler@npm:^0.20.2":
  version: 0.20.2
  resolution: "scheduler@npm:0.20.2"
  dependencies:
    loose-envify: ^1.1.0
    object-assign: ^4.1.1
  checksum: c4b35cf967c8f0d3e65753252d0f260271f81a81e427241295c5a7b783abf4ea9e905f22f815ab66676f5313be0a25f47be582254db8f9241b259213e999b8fc
  languageName: node
  linkType: hard

"tslib@npm:^2.1.0":
  version: 2.8.1
  resolution: "tslib@npm:2.8.1"
  checksum: e4aba30e632b8c8902b47587fd13345e2827fa639e7c3121074d5ee0880723282411a8838f830b55100cbe4517672f84a2472667d355b81e8af165a55dc6203a
  languageName: node
  linkType: hard

"typescript@npm:^4.2.4":
  version: 4.9.5
  resolution: "typescript@npm:4.9.5"
  bin:
    tsc: bin/tsc
    tsserver: bin/tsserver
  checksum: ee000bc26848147ad423b581bd250075662a354d84f0e06eb76d3b892328d8d4440b7487b5a83e851b12b255f55d71835b008a66cbf8f255a11e4400159237db
  languageName: node
  linkType: hard

"typescript@patch:typescript@^4.2.4#~builtin<compat/typescript>":
  version: 4.9.5
  resolution: "typescript@patch:typescript@npm%3A4.9.5#~builtin<compat/typescript>::version=4.9.5&hash=7ad353"
  bin:
    tsc: bin/tsc
    tsserver: bin/tsserver
  checksum: 2eee5c37cad4390385db5db5a8e81470e42e8f1401b0358d7390095d6f681b410f2c4a0c496c6ff9ebd775423c7785cdace7bcdad76c7bee283df3d9718c0f20
  languageName: node
  linkType: hard

"use-composed-ref@npm:^1.3.0":
  version: 1.4.0
  resolution: "use-composed-ref@npm:1.4.0"
  peerDependencies:
    react: ^16.8.0 || ^17.0.0 || ^18.0.0 || ^19.0.0
  peerDependenciesMeta:
    "@types/react":
      optional: true
  checksum: 6968fe85e7a1721e977e7bff8d98ac0975522a380aa23190fe855767bd4d91a73138225a984ddeb90448c00451fb53fa54197b922d21753cd2e2765bd47143a9
  languageName: node
  linkType: hard

"use-isomorphic-layout-effect@npm:^1.1.1":
  version: 1.2.1
  resolution: "use-isomorphic-layout-effect@npm:1.2.1"
  peerDependencies:
    react: ^16.8.0 || ^17.0.0 || ^18.0.0 || ^19.0.0
  peerDependenciesMeta:
    "@types/react":
      optional: true
  checksum: a52155ffa7d67a5107ef2033ae2c63f5290c3e3b198de30d4d4f78cd7921e1ab1ea31eeec387defb67ef61adb672d3b8d25b54b7dcc089bacc4f885abde96e9d
  languageName: node
  linkType: hard

"use-latest@npm:^1.2.1":
  version: 1.3.0
  resolution: "use-latest@npm:1.3.0"
  dependencies:
    use-isomorphic-layout-effect: ^1.1.1
  peerDependencies:
    react: ^16.8.0 || ^17.0.0 || ^18.0.0 || ^19.0.0
  peerDependenciesMeta:
    "@types/react":
      optional: true
  checksum: e1681ffcac542a7536adda84c022652417463eb85eac95243860cba3ae9198aa36a8b8b11eb5d85217979648ecb00fd0e2727789dd023ac00b0cc94e4f76a511
  languageName: node
  linkType: hard
